
Microsoft Visual Studio Solution File, Format Version 12.00
# Visual Studio Version 17
VisualStudioVersion = 17.11.35312.102
MinimumVisualStudioVersion = 10.0.40219.1
Project("{FAE04EC0-301F-11D3-BF4B-00C04F79EFBC}") = "ind_task", "ind_task\ind_task.csproj", "{40E3DC8A-F27A-4AA8-8977-11D54012BE2E}"
EndProject
Global
	GlobalSection(SolutionConfigurationPlatforms) = preSolution
		Debug|Any CPU = Debug|Any CPU
		Release|Any CPU = Release|Any CPU
	EndGlobalSection
	GlobalSection(ProjectConfigurationPlatforms) = postSolution
		{40E3DC8A-F27A-4AA8-8977-11D54012BE2E}.Debug|Any CPU.ActiveCfg = Debug|Any CPU
		{40E3DC8A-F27A-4AA8-8977-11D54012BE2E}.Debug|Any CPU.Build.0 = Debug|Any CPU
		{40E3DC8A-F27A-4AA8-8977-11D54012BE2E}.Release|Any CPU.ActiveCfg = Release|Any CPU
		{40E3DC8A-F27A-4AA8-8977-11D54012BE2E}.Release|Any CPU.Build.0 = Release|Any CPU
	EndGlobalSection
	GlobalSection(SolutionProperties) = preSolution
		HideSolutionNode = FALSE
	EndGlobalSection
	GlobalSection(ExtensibilityGlobals) = postSolution
		SolutionGuid = {6CB49B4C-AA62-4033-9F49-4E63406A8E5E}
	EndGlobalSection
EndGlobal
